
Microsoft Visual Studio Solution File, Format Version 12.00
# Visual Studio 15
VisualStudioVersion = 15.0.28307.705
MinimumVisualStudioVersion = 10.0.40219.1
Project("{FAE04EC0-301F-11D3-BF4B-00C04F79EFBC}") = "PaseoPorC", "PaseoPorC\PaseoPorC.csproj", "{274A936F-CBA5-4B15-8C5F-8299FA26CBB2}"
EndProject
Global
	GlobalSection(SolutionConfigurationPlatforms) = preSolution
		Debug|Any CPU = Debug|Any CPU
		Release|Any CPU = Release|Any CPU
	EndGlobalSection
	GlobalSection(ProjectConfigurationPlatforms) = postSolution
		{274A936F-CBA5-4B15-8C5F-8299FA26CBB2}.Debug|Any CPU.ActiveCfg = Debug|Any CPU
		{274A936F-CBA5-4B15-8C5F-8299FA26CBB2}.Debug|Any CPU.Build.0 = Debug|Any CPU
		{274A936F-CBA5-4B15-8C5F-8299FA26CBB2}.Release|Any CPU.ActiveCfg = Release|Any CPU
		{274A936F-CBA5-4B15-8C5F-8299FA26CBB2}.Release|Any CPU.Build.0 = Release|Any CPU
	EndGlobalSection
	GlobalSection(SolutionProperties) = preSolution
		HideSolutionNode = FALSE
	EndGlobalSection
	GlobalSection(ExtensibilityGlobals) = postSolution
		SolutionGuid = {FF44FB1C-22EC-4999-B100-A51D8B74CCEF}
	EndGlobalSection
EndGlobal
